
Microsoft Visual Studio Solution File, Format Version 12.00
# Visual Studio 15
VisualStudioVersion = 15.0.26730.16
MinimumVisualStudioVersion = 10.0.40219.1
Project("{9A19103F-16F7-4668-BE54-9A1E7A4F7556}") = "TicTacToe.Models", "TicTacToe.Models\TicTacToe.Models.csproj", "{918D320C-BDA9-46D7-A23E-366D7FA017B8}"
EndProject
Project("{9A19103F-16F7-4668-BE54-9A1E7A4F7556}") = "TicTacToe.Data", "TicTacToe.Data\TicTacToe.Data.csproj", "{4E61BBB7-2980-4935-A1C0-F46984AAE659}"
EndProject
Project("{9A19103F-16F7-4668-BE54-9A1E7A4F7556}") = "TicTacToe.ConsoleApp", "TicTacToe.ConsoleApp\TicTacToe.ConsoleApp.csproj", "{D49E2590-FC3B-4C07-A7FF-709A93F5ED09}"
EndProject
Project("{9A19103F-16F7-4668-BE54-9A1E7A4F7556}") = "TicTacToe.Services", "TicTacToe.Services\TicTacToe.Services.csproj", "{F02D5422-05D8-4291-9286-4A06C085553D}"
EndProject
Project("{9A19103F-16F7-4668-BE54-9A1E7A4F7556}") = "TicTacToe.Services.Interfaces", "TicTacToe.Services.Interfaces\TicTacToe.Services.Interfaces.csproj", "{CD155C4D-8127-4A10-B468-A85DCEB66DA5}"
EndProject
Project("{2150E333-8FDC-42A3-9474-1A3956D46DE8}") = "Tests", "Tests", "{0E22C13A-F261-4FB2-B9F0-95DB96DF395A}"
EndProject
Project("{FAE04EC0-301F-11D3-BF4B-00C04F79EFBC}") = "TicTacToe.Services.UnitTests", "TicTacToe.Services.UnitTests\TicTacToe.Services.UnitTests.csproj", "{C7F6A67B-5F9B-46E5-A4CE-B843870AEA70}"
EndProject
Global
	GlobalSection(SolutionConfigurationPlatforms) = preSolution
		Debug|Any CPU = Debug|Any CPU
		Release|Any CPU = Release|Any CPU
	EndGlobalSection
	GlobalSection(ProjectConfigurationPlatforms) = postSolution
		{918D320C-BDA9-46D7-A23E-366D7FA017B8}.Debug|Any CPU.ActiveCfg = Debug|Any CPU
		{918D320C-BDA9-46D7-A23E-366D7FA017B8}.Debug|Any CPU.Build.0 = Debug|Any CPU
		{918D320C-BDA9-46D7-A23E-366D7FA017B8}.Release|Any CPU.ActiveCfg = Release|Any CPU
		{918D320C-BDA9-46D7-A23E-366D7FA017B8}.Release|Any CPU.Build.0 = Release|Any CPU
		{4E61BBB7-2980-4935-A1C0-F46984AAE659}.Debug|Any CPU.ActiveCfg = Debug|Any CPU
		{4E61BBB7-2980-4935-A1C0-F46984AAE659}.Debug|Any CPU.Build.0 = Debug|Any CPU
		{4E61BBB7-2980-4935-A1C0-F46984AAE659}.Release|Any CPU.ActiveCfg = Release|Any CPU
		{4E61BBB7-2980-4935-A1C0-F46984AAE659}.Release|Any CPU.Build.0 = Release|Any CPU
		{D49E2590-FC3B-4C07-A7FF-709A93F5ED09}.Debug|Any CPU.ActiveCfg = Debug|Any CPU
		{D49E2590-FC3B-4C07-A7FF-709A93F5ED09}.Debug|Any CPU.Build.0 = Debug|Any CPU
		{D49E2590-FC3B-4C07-A7FF-709A93F5ED09}.Release|Any CPU.ActiveCfg = Release|Any CPU
		{D49E2590-FC3B-4C07-A7FF-709A93F5ED09}.Release|Any CPU.Build.0 = Release|Any CPU
		{F02D5422-05D8-4291-9286-4A06C085553D}.Debug|Any CPU.ActiveCfg = Debug|Any CPU
		{F02D5422-05D8-4291-9286-4A06C085553D}.Debug|Any CPU.Build.0 = Debug|Any CPU
		{F02D5422-05D8-4291-9286-4A06C085553D}.Release|Any CPU.ActiveCfg = Release|Any CPU
		{F02D5422-05D8-4291-9286-4A06C085553D}.Release|Any CPU.Build.0 = Release|Any CPU
		{CD155C4D-8127-4A10-B468-A85DCEB66DA5}.Debug|Any CPU.ActiveCfg = Debug|Any CPU
		{CD155C4D-8127-4A10-B468-A85DCEB66DA5}.Debug|Any CPU.Build.0 = Debug|Any CPU
		{CD155C4D-8127-4A10-B468-A85DCEB66DA5}.Release|Any CPU.ActiveCfg = Release|Any CPU
		{CD155C4D-8127-4A10-B468-A85DCEB66DA5}.Release|Any CPU.Build.0 = Release|Any CPU
		{C7F6A67B-5F9B-46E5-A4CE-B843870AEA70}.Debug|Any CPU.ActiveCfg = Debug|Any CPU
		{C7F6A67B-5F9B-46E5-A4CE-B843870AEA70}.Debug|Any CPU.Build.0 = Debug|Any CPU
		{C7F6A67B-5F9B-46E5-A4CE-B843870AEA70}.Release|Any CPU.ActiveCfg = Release|Any CPU
		{C7F6A67B-5F9B-46E5-A4CE-B843870AEA70}.Release|Any CPU.Build.0 = Release|Any CPU
	EndGlobalSection
	GlobalSection(SolutionProperties) = preSolution
		HideSolutionNode = FALSE
	EndGlobalSection
	GlobalSection(NestedProjects) = preSolution
		{C7F6A67B-5F9B-46E5-A4CE-B843870AEA70} = {0E22C13A-F261-4FB2-B9F0-95DB96DF395A}
	EndGlobalSection
	GlobalSection(ExtensibilityGlobals) = postSolution
		SolutionGuid = {CA7BCA94-F754-4A61-9FA7-C85256CB216A}
	EndGlobalSection
EndGlobal
